
Microsoft Visual Studio Solution File, Format Version 12.00
# Visual Studio Version 17
VisualStudioVersion = 17.5.33627.172
MinimumVisualStudioVersion = 10.0.40219.1
Project("{8BC9CEB8-8B4A-11D0-8D11-00A0C91BC942}") = "CameraControl", "CameraControl\CameraControl.vcxproj", "{138F5C49-116C-4E51-88E7-61EE7A4F6EBB}"
EndProject
Global
	GlobalSection(SolutionConfigurationPlatforms) = preSolution
		Debug|x64 = Debug|x64
		Debug|x86 = Debug|x86
		Release|x64 = Release|x64
		Release|x86 = Release|x86
	EndGlobalSection
	GlobalSection(ProjectConfigurationPlatforms) = postSolution
		{138F5C49-116C-4E51-88E7-61EE7A4F6EBB}.Debug|x64.ActiveCfg = Debug|x64
		{138F5C49-116C-4E51-88E7-61EE7A4F6EBB}.Debug|x64.Build.0 = Debug|x64
		{138F5C49-116C-4E51-88E7-61EE7A4F6EBB}.Debug|x86.ActiveCfg = Debug|Win32
		{138F5C49-116C-4E51-88E7-61EE7A4F6EBB}.Debug|x86.Build.0 = Debug|Win32
		{138F5C49-116C-4E51-88E7-61EE7A4F6EBB}.Release|x64.ActiveCfg = Release|x64
		{138F5C49-116C-4E51-88E7-61EE7A4F6EBB}.Release|x64.Build.0 = Release|x64
		{138F5C49-116C-4E51-88E7-61EE7A4F6EBB}.Release|x86.ActiveCfg = Release|Win32
		{138F5C49-116C-4E51-88E7-61EE7A4F6EBB}.Release|x86.Build.0 = Release|Win32
	EndGlobalSection
	GlobalSection(SolutionProperties) = preSolution
		HideSolutionNode = FALSE
	EndGlobalSection
	GlobalSection(ExtensibilityGlobals) = postSolution
		SolutionGuid = {88248328-943D-456C-8523-4AD70225DA4C}
	EndGlobalSection
EndGlobal
